{
  "nodes": {
    "luasmith": {
      "inputs": {
        "nixpkgs": "nixpkgs"
      },
      "locked": {
        "lastModified": 1768011515,
        "narHash": "sha256-sUsbOkpct6z1t3YD2uXubQ6pa74C58146hKSMKB3ir0=",
        "owner": "allesis",
        "repo": "luasmith-flake",
        "rev": "da0ef5c37b08094f287f6b87c2ee511d8de18e1e",
        "type": "github"
      },
      "original": {
        "owner": "allesis",
        "repo": "luasmith-flake",
        "type": "github"
      }
    },
    "nixpkgs": {
      "locked": {
        "lastModified": 1767892417,
        "narHash": "sha256-dhhvQY67aboBk8b0/u0XB6vwHdgbROZT3fJAjyNh5Ww=",
        "owner": "NixOS",
        "repo": "nixpkgs",
        "rev": "3497aa5c9457a9d88d71fa93a4a8368816fbeeba",
        "type": "github"
      },
      "original": {
        "owner": "NixOS",
        "ref": "nixos-unstable",
        "repo": "nixpkgs",
        "type": "github"
      }
    },
    "nixpkgs_2": {
      "locked": {
        "lastModified": 1767364772,
        "narHash": "sha256-fFUnEYMla8b7UKjijLnMe+oVFOz6HjijGGNS1l7dYaQ=",
        "owner": "NixOS",
        "repo": "nixpkgs",
        "rev": "16c7794d0a28b5a37904d55bcca36003b9109aaa",
        "type": "github"
      },
      "original": {
        "owner": "NixOS",
        "ref": "nixpkgs-unstable",
        "repo": "nixpkgs",
        "type": "github"
      }
    },
    "nixpkgs_3": {
      "locked": {
        "lastModified": 1758690382,
        "narHash": "sha256-NY3kSorgqE5LMm1LqNwGne3ZLMF2/ILgLpFr1fS4X3o=",
        "owner": "NixOS",
        "repo": "nixpkgs",
        "rev": "e643668fd71b949c53f8626614b21ff71a07379d",
        "type": "github"
      },
      "original": {
        "owner": "NixOS",
        "ref": "nixos-unstable",
        "repo": "nixpkgs",
        "type": "github"
      }
    },
    "root": {
      "inputs": {
        "luasmith": "luasmith",
        "nixpkgs": "nixpkgs_2",
        "rust-overlay": "rust-overlay",
        "vqmetric-nix": "vqmetric-nix"
      }
    },
    "rust-overlay": {
      "inputs": {
        "nixpkgs": [
          "nixpkgs"
        ]
      },
      "locked": {
        "lastModified": 1767840362,
        "narHash": "sha256-ZtsFqUhilubohNZ1TgpQIFsi4biZTwRH9rjZsDRDik8=",
        "owner": "oxalica",
        "repo": "rust-overlay",
        "rev": "d159ea1fc321c60f88a616ac28bab660092a227d",
        "type": "github"
      },
      "original": {
        "owner": "oxalica",
        "repo": "rust-overlay",
        "type": "github"
      }
    },
    "vqmetric-nix": {
      "inputs": {
        "nixpkgs": "nixpkgs_3"
      },
      "locked": {
        "lastModified": 1765305197,
        "narHash": "sha256-POS87knsV4ueLs+R7SUut8bwFTrxtiQ4ou3YtN+eEmU=",
        "owner": "allesis",
        "repo": "vqmetric-nix",
        "rev": "18f95c4254eefc738c65d1c2e823151da462cd26",
        "type": "github"
      },
      "original": {
        "owner": "allesis",
        "repo": "vqmetric-nix",
        "rev": "18f95c4254eefc738c65d1c2e823151da462cd26",
        "type": "github"
      }
    }
  },
  "root": "root",
  "version": 7
}
